permissions:
  contents: write
  id-token: write
  issues: write
  pull-requests: write

name: update-flake-lock
on:
  workflow_dispatch:
  schedule:
    - cron: "0 0 * * *"

jobs:
  update-flake-lock:
    runs-on: ubuntu-latest
    steps:
      - name: Checkout repository
        uses: actions/checkout@11bd71901bbe5b1630ceea73d27597364c9af683
      - name: Install Determinate Nix
        uses: DeterminateSystems/determinate-nix-action@2e4c1e0a6dc9891bf08da17fcf572cec9e5f7e70
      - name: Update flake.lock
        uses: DeterminateSystems/update-flake-lock@c5930b397a673a70ca70be06020e943aeac310a1
        with:
          token: ${{ secrets.PERSONAL_ACCESS_TOKEN }}
